
Microsoft Visual Studio Solution File, Format Version 12.00
# Visual Studio Version 17
VisualStudioVersion = 17.8.34330.188
MinimumVisualStudioVersion = 10.0.40219.1
Project("{FAE04EC0-301F-11D3-BF4B-00C04F79EFBC}") = "StaticDemoCSharp-43", "StaticDemoCSharp-43\StaticDemoCSharp-43.csproj", "{1C568F94-92C9-4CCB-9978-2B66B2B5AEC0}"
EndProject
Global
	GlobalSection(SolutionConfigurationPlatforms) = preSolution
		Debug|Any CPU = Debug|Any CPU
		Release|Any CPU = Release|Any CPU
	EndGlobalSection
	GlobalSection(ProjectConfigurationPlatforms) = postSolution
		{1C568F94-92C9-4CCB-9978-2B66B2B5AEC0}.Debug|Any CPU.ActiveCfg = Debug|Any CPU
		{1C568F94-92C9-4CCB-9978-2B66B2B5AEC0}.Debug|Any CPU.Build.0 = Debug|Any CPU
		{1C568F94-92C9-4CCB-9978-2B66B2B5AEC0}.Release|Any CPU.ActiveCfg = Release|Any CPU
		{1C568F94-92C9-4CCB-9978-2B66B2B5AEC0}.Release|Any CPU.Build.0 = Release|Any CPU
	EndGlobalSection
	GlobalSection(SolutionProperties) = preSolution
		HideSolutionNode = FALSE
	EndGlobalSection
	GlobalSection(ExtensibilityGlobals) = postSolution
		SolutionGuid = {528E3DBA-DCCA-499B-A279-9888AC6EED64}
	EndGlobalSection
EndGlobal
